// !$*UTF8*$!
{
	archiveVersion = 1;
	classes = {
	};
	objectVersion = 46;
	objects = {

/* Begin PBXBuildFile section */
		05BABD0A14F41619001CF318 /* UIKit.framework in Frameworks */ = {isa = PBXBuildFile; fileRef = 05BABD0914F41619001CF318 /* UIKit.framework */; };
		05BABD0C14F41619001CF318 /* Foundation.framework in Frameworks */ = {isa = PBXBuildFile; fileRef = 05BABD0B14F41619001CF318 /* Foundation.framework */; };
		05BABD0E14F41619001CF318 /* CoreGraphics.framework in Frameworks */ = {isa = PBXBuildFile; fileRef = 05BABD0D14F41619001CF318 /* CoreGraphics.framework */; };
		05BABD1414F41619001CF318 /* InfoPlist.strings in Resources */ = {isa = PBXBuildFile; fileRef = 05BABD1214F41619001CF318 /* InfoPlist.strings */; };
		05BABD1614F41619001CF318 /* main.m in Sources */ = {isa = PBXBuildFile; fileRef = 05BABD1514F41619001CF318 /* main.m */; };
		05BABD1A14F41619001CF318 /* AppDelegate.m in Sources */ = {isa = PBXBuildFile; fileRef = 05BABD1914F41619001CF318 /* AppDelegate.m */; };
		05BABD1D14F41619001CF318 /* MainStoryboard.storyboard in Resources */ = {isa = PBXBuildFile; fileRef = 05BABD1B14F41619001CF318 /* MainStoryboard.storyboard */; };
		05BABD2014F41619001CF318 /* ViewController.m in Sources */ = {isa = PBXBuildFile; fileRef = 05BABD1F14F41619001CF318 /* ViewController.m */; };
		05BABD2814F416B4001CF318 /* CoreImage.framework in Frameworks */ = {isa = PBXBuildFile; fileRef = 05BABD2714F416B4001CF318 /* CoreImage.framework */; };
		05BABD2A14F416C1001CF318 /* GameKit.framework in Frameworks */ = {isa = PBXBuildFile; fileRef = 05BABD2914F416C1001CF318 /* GameKit.framework */; };
		05BABD2D14F416E6001CF318 /* MobileCoreServices.framework in Frameworks */ = {isa = PBXBuildFile; fileRef = 05BABD2B14F416E6001CF318 /* MobileCoreServices.framework */; };
		05BABD2E14F416E6001CF318 /* QuartzCore.framework in Frameworks */ = {isa = PBXBuildFile; fileRef = 05BABD2C14F416E6001CF318 /* QuartzCore.framework */; };
		05BABD3614F41737001CF318 /* UIImage+Alpha.m in Sources */ = {isa = PBXBuildFile; fileRef = 05BABD3114F41737001CF318 /* UIImage+Alpha.m */; };
		05BABD3714F41737001CF318 /* UIImage+Resize.m in Sources */ = {isa = PBXBuildFile; fileRef = 05BABD3314F41737001CF318 /* UIImage+Resize.m */; };
		05BABD3814F41737001CF318 /* UIImage+RoundedCorner.m in Sources */ = {isa = PBXBuildFile; fileRef = 05BABD3514F41737001CF318 /* UIImage+RoundedCorner.m */; };
		05BABD4814F419FF001CF318 /* Icon_72.png in Resources */ = {isa = PBXBuildFile; fileRef = 05BABD4714F419FF001CF318 /* Icon_72.png */; };
		05BABD4A14F41A0B001CF318 /* Default-Portrait~ipad.png in Resources */ = {isa = PBXBuildFile; fileRef = 05BABD4914F41A0B001CF318 /* Default-Portrait~ipad.png */; };
		05BABD4C14F41A15001CF318 /* Default-Landscape~ipad.png in Resources */ = {isa = PBXBuildFile; fileRef = 05BABD4B14F41A15001CF318 /* Default-Landscape~ipad.png */; };
		05BABD4F14F41C11001CF318 /* Knockout.ttf in Resources */ = {isa = PBXBuildFile; fileRef = 05BABD4E14F41C11001CF318 /* Knockout.ttf */; };
/* End PBXBuildFile section */

/* Begin PBXFileReference section */
		05BABD0514F41619001CF318 /* TugOWar.app */ = {isa = PBXFileReference; explicitFileType = wrapper.application; includeInIndex = 0; path = TugOWar.app; sourceTree = BUILT_PRODUCTS_DIR; };
		05BABD0914F41619001CF318 /* UIKit.framework */ = {isa = PBXFileReference; lastKnownFileType = wrapper.framework; name = UIKit.framework; path = System/Library/Frameworks/UIKit.framework; sourceTree = SDKROOT; };
		05BABD0B14F41619001CF318 /* Foundation.framework */ = {isa = PBXFileReference; lastKnownFileType = wrapper.framework; name = Foundation.framework; path = System/Library/Frameworks/Foundation.framework; sourceTree = SDKROOT; };
		05BABD0D14F41619001CF318 /* CoreGraphics.framework */ = {isa = PBXFileReference; lastKnownFileType = wrapper.framework; name = CoreGraphics.framework; path = System/Library/Frameworks/CoreGraphics.framework; sourceTree = SDKROOT; };
		05BABD1114F41619001CF318 /* TugOWar-Info.plist */ = {isa = PBXFileReference; lastKnownFileType = text.plist.xml; path = "TugOWar-Info.plist"; sourceTree = "<group>"; };
		05BABD1314F41619001CF318 /* en */ = {isa = PBXFileReference; lastKnownFileType = text.plist.strings; name = en; path = en.lproj/InfoPlist.strings; sourceTree = "<group>"; };
		05BABD1514F41619001CF318 /* main.m */ = {isa = PBXFileReference; lastKnownFileType = sourcecode.c.objc; path = main.m; sourceTree = "<group>"; };
		05BABD1714F41619001CF318 /* TugOWar-Prefix.pch */ = {isa = PBXFileReference; lastKnownFileType = sourcecode.c.h; path = "TugOWar-Prefix.pch"; sourceTree = "<group>"; };
		05BABD1814F41619001CF318 /* AppDelegate.h */ = {isa = PBXFileReference; lastKnownFileType = sourcecode.c.h; path = AppDelegate.h; sourceTree = "<group>"; };
		05BABD1914F41619001CF318 /* AppDelegate.m */ = {isa = PBXFileReference; lastKnownFileType = sourcecode.c.objc; path = AppDelegate.m; sourceTree = "<group>"; };
		05BABD1C14F41619001CF318 /* en */ = {isa = PBXFileReference; lastKnownFileType = file.storyboard; name = en; path = en.lproj/MainStoryboard.storyboard; sourceTree = "<group>"; };
		05BABD1E14F41619001CF318 /* ViewController.h */ = {isa = PBXFileReference; lastKnownFileType = sourcecode.c.h; path = ViewController.h; sourceTree = "<group>"; };
		05BABD1F14F41619001CF318 /* ViewController.m */ = {isa = PBXFileReference; lastKnownFileType = sourcecode.c.objc; path = ViewController.m; sourceTree = "<group>"; };
		05BABD2714F416B4001CF318 /* CoreImage.framework */ = {isa = PBXFileReference; lastKnownFileType = wrapper.framework; name = CoreImage.framework; path = System/Library/Frameworks/CoreImage.framework; sourceTree = SDKROOT; };
		05BABD2914F416C1001CF318 /* GameKit.framework */ = {isa = PBXFileReference; lastKnownFileType = wrapper.framework; name = GameKit.framework; path = System/Library/Frameworks/GameKit.framework; sourceTree = SDKROOT; };
		05BABD2B14F416E6001CF318 /* MobileCoreServices.framework */ = {isa = PBXFileReference; lastKnownFileType = wrapper.framework; name = MobileCoreServices.framework; path = System/Library/Frameworks/MobileCoreServices.framework; sourceTree = SDKROOT; };
		05BABD2C14F416E6001CF318 /* QuartzCore.framework */ = {isa = PBXFileReference; lastKnownFileType = wrapper.framework; name = QuartzCore.framework; path = System/Library/Frameworks/QuartzCore.framework; sourceTree = SDKROOT; };
		05BABD3014F41737001CF318 /* UIImage+Alpha.h */ = {isa = PBXFileReference; fileEncoding = 4; lastKnownFileType = sourcecode.c.h; path = "UIImage+Alpha.h"; sourceTree = "<group>"; };
		05BABD3114F41737001CF318 /* UIImage+Alpha.m */ = {isa = PBXFileReference; fileEncoding = 4; lastKnownFileType = sourcecode.c.objc; path = "UIImage+Alpha.m"; sourceTree = "<group>"; };
		05BABD3214F41737001CF318 /* UIImage+Resize.h */ = {isa = PBXFileReference; fileEncoding = 4; lastKnownFileType = sourcecode.c.h; path = "UIImage+Resize.h"; sourceTree = "<group>"; };
		05BABD3314F41737001CF318 /* UIImage+Resize.m */ = {isa = PBXFileReference; fileEncoding = 4; lastKnownFileType = sourcecode.c.objc; path = "UIImage+Resize.m"; sourceTree = "<group>"; };
		05BABD3414F41737001CF318 /* UIImage+RoundedCorner.h */ = {isa = PBXFileReference; fileEncoding = 4; lastKnownFileType = sourcecode.c.h; path = "UIImage+RoundedCorner.h"; sourceTree = "<group>"; };
		05BABD3514F41737001CF318 /* UIImage+RoundedCorner.m */ = {isa = PBXFileReference; fileEncoding = 4; lastKnownFileType = sourcecode.c.objc; path = "UIImage+RoundedCorner.m"; sourceTree = "<group>"; };
		05BABD3A14F417EF001CF318 /* Constants.h */ = {isa = PBXFileReference; fileEncoding = 4; lastKnownFileType = sourcecode.c.h; path = Constants.h; sourceTree = "<group>"; };
		05BABD3B14F419BA001CF318 /* Icon_29.png */ = {isa = PBXFileReference; lastKnownFileType = image.png; path = Icon_29.png; sourceTree = "<group>"; };
		05BABD3C14F419BA001CF318 /* Icon_50.png */ = {isa = PBXFileReference; lastKnownFileType = image.png; path = Icon_50.png; sourceTree = "<group>"; };
		05BABD3D14F419BA001CF318 /* Icon_72.png */ = {isa = PBXFileReference; lastKnownFileType = image.png; path = Icon_72.png; sourceTree = "<group>"; };
		05BABD3E14F419BA001CF318 /* Icon_512.png */ = {isa = PBXFileReference; lastKnownFileType = image.png; path = Icon_512.png; sourceTree = "<group>"; };
		05BABD3F14F419BA001CF318 /* Landscape_launch.png */ = {isa = PBXFileReference; lastKnownFileType = image.png; path = Landscape_launch.png; sourceTree = "<group>"; };
		05BABD4014F419BA001CF318 /* Portrait_launch.png */ = {isa = PBXFileReference; lastKnownFileType = image.png; path = Portrait_launch.png; sourceTree = "<group>"; };
		05BABD4714F419FF001CF318 /* Icon_72.png */ = {isa = PBXFileReference; lastKnownFileType = image.png; name = Icon_72.png; path = ../Icon_72.png; sourceTree = "<group>"; };
		05BABD4914F41A0B001CF318 /* Default-Portrait~ipad.png */ = {isa = PBXFileReference; lastKnownFileType = image.png; name = "Default-Portrait~ipad.png"; path = "../Default-Portrait~ipad.png"; sourceTree = "<group>"; };
		05BABD4B14F41A15001CF318 /* Default-Landscape~ipad.png */ = {isa = PBXFileReference; lastKnownFileType = image.png; name = "Default-Landscape~ipad.png"; path = "../Default-Landscape~ipad.png"; sourceTree = "<group>"; };
		05BABD4E14F41C11001CF318 /* Knockout.ttf */ = {isa = PBXFileReference; lastKnownFileType = file; path = Knockout.ttf; sourceTree = "<group>"; };
/* End PBXFileReference section */

/* Begin PBXFrameworksBuildPhase section */
		05BABD0214F41619001CF318 /* Frameworks */ = {
			isa = PBXFrameworksBuildPhase;
			buildActionMask = 2147483647;
			files = (
				05BABD0A14F41619001CF318 /* UIKit.framework in Frameworks */,
				05BABD2D14F416E6001CF318 /* MobileCoreServices.framework in Frameworks */,
				05BABD2E14F416E6001CF318 /* QuartzCore.framework in Frameworks */,
				05BABD0C14F41619001CF318 /* Foundation.framework in Frameworks */,
				05BABD0E14F41619001CF318 /* CoreGraphics.framework in Frameworks */,
				05BABD2814F416B4001CF318 /* CoreImage.framework in Frameworks */,
				05BABD2A14F416C1001CF318 /* GameKit.framework in Frameworks */,
			);
			runOnlyForDeploymentPostprocessing = 0;
		};
/* End PBXFrameworksBuildPhase section */

/* Begin PBXGroup section */
		05BABCFA14F41619001CF318 = {
			isa = PBXGroup;
			children = (
				05BABD0F14F41619001CF318 /* TugOWar */,
				05BABD0814F41619001CF318 /* Frameworks */,
				05BABD0614F41619001CF318 /* Products */,
			);
			sourceTree = "<group>";
		};
		05BABD0614F41619001CF318 /* Products */ = {
			isa = PBXGroup;
			children = (
				05BABD0514F41619001CF318 /* TugOWar.app */,
			);
			name = Products;
			sourceTree = "<group>";
		};
		05BABD0814F41619001CF318 /* Frameworks */ = {
			isa = PBXGroup;
			children = (
				05BABD2B14F416E6001CF318 /* MobileCoreServices.framework */,
				05BABD2C14F416E6001CF318 /* QuartzCore.framework */,
				05BABD2914F416C1001CF318 /* GameKit.framework */,
				05BABD2714F416B4001CF318 /* CoreImage.framework */,
				05BABD0914F41619001CF318 /* UIKit.framework */,
				05BABD0B14F41619001CF318 /* Foundation.framework */,
				05BABD0D14F41619001CF318 /* CoreGraphics.framework */,
			);
			name = Frameworks;
			sourceTree = "<group>";
		};
		05BABD0F14F41619001CF318 /* TugOWar */ = {
			isa = PBXGroup;
			children = (
				05BABD1814F41619001CF318 /* AppDelegate.h */,
				05BABD1914F41619001CF318 /* AppDelegate.m */,
				05BABD1B14F41619001CF318 /* MainStoryboard.storyboard */,
				05BABD1E14F41619001CF318 /* ViewController.h */,
				05BABD1F14F41619001CF318 /* ViewController.m */,
				05BABD1014F41619001CF318 /* Supporting Files */,
				05BABD2F14F41737001CF318 /* Classes */,
				05BABD2614F41658001CF318 /* assets */,
			);
			path = TugOWar;
			sourceTree = "<group>";
		};
		05BABD1014F41619001CF318 /* Supporting Files */ = {
			isa = PBXGroup;
			children = (
				05BABD4B14F41A15001CF318 /* Default-Landscape~ipad.png */,
				05BABD4914F41A0B001CF318 /* Default-Portrait~ipad.png */,
				05BABD4714F419FF001CF318 /* Icon_72.png */,
				05BABD1114F41619001CF318 /* TugOWar-Info.plist */,
				05BABD1214F41619001CF318 /* InfoPlist.strings */,
				05BABD1514F41619001CF318 /* main.m */,
				05BABD1714F41619001CF318 /* TugOWar-Prefix.pch */,
			);
			name = "Supporting Files";
			sourceTree = "<group>";
		};
		05BABD2614F41658001CF318 /* assets */ = {
			isa = PBXGroup;
			children = (
				05BABD4D14F41C11001CF318 /* fonts */,
				05BABD3B14F419BA001CF318 /* Icon_29.png */,
				05BABD3C14F419BA001CF318 /* Icon_50.png */,
				05BABD3D14F419BA001CF318 /* Icon_72.png */,
				05BABD3E14F419BA001CF318 /* Icon_512.png */,
				05BABD3F14F419BA001CF318 /* Landscape_launch.png */,
				05BABD4014F419BA001CF318 /* Portrait_launch.png */,
			);
			path = assets;
			sourceTree = "<group>";
		};
		05BABD2F14F41737001CF318 /* Classes */ = {
			isa = PBXGroup;
			children = (
				05BABD3A14F417EF001CF318 /* Constants.h */,
				05BABD3014F41737001CF318 /* UIImage+Alpha.h */,
				05BABD3114F41737001CF318 /* UIImage+Alpha.m */,
				05BABD3214F41737001CF318 /* UIImage+Resize.h */,
				05BABD3314F41737001CF318 /* UIImage+Resize.m */,
				05BABD3414F41737001CF318 /* UIImage+RoundedCorner.h */,
				05BABD3514F41737001CF318 /* UIImage+RoundedCorner.m */,
			);
			path = Classes;
			sourceTree = "<group>";
		};
		05BABD4D14F41C11001CF318 /* fonts */ = {
			isa = PBXGroup;
			children = (
				05BABD4E14F41C11001CF318 /* Knockout.ttf */,
			);
			path = fonts;
			sourceTree = "<group>";
		};
/* End PBXGroup section */

/* Begin PBXNativeTarget section */
		05BABD0414F41619001CF318 /* TugOWar */ = {
			isa = PBXNativeTarget;
			buildConfigurationList = 05BABD2314F41619001CF318 /* Build configuration list for PBXNativeTarget "TugOWar" */;
			buildPhases = (
				05BABD0114F41619001CF318 /* Sources */,
				05BABD0214F41619001CF318 /* Frameworks */,
				05BABD0314F41619001CF318 /* Resources */,
			);
			buildRules = (
			);
			dependencies = (
			);
			name = TugOWar;
			productName = TugOWar;
			productReference = 05BABD0514F41619001CF318 /* TugOWar.app */;
			productType = "com.apple.product-type.application";
		};
/* End PBXNativeTarget section */

/* Begin PBXProject section */
		05BABCFC14F41619001CF318 /* Project object */ = {
			isa = PBXProject;
			attributes = {
				LastUpgradeCheck = 0420;
				ORGANIZATIONNAME = carlscripter.com;
			};
			buildConfigurationList = 05BABCFF14F41619001CF318 /* Build configuration list for PBXProject "TugOWar" */;
			compatibilityVersion = "Xcode 3.2";
			developmentRegion = English;
			hasScannedForEncodings = 0;
			knownRegions = (
				en,
			);
			mainGroup = 05BABCFA14F41619001CF318;
			productRefGroup = 05BABD0614F41619001CF318 /* Products */;
			projectDirPath = "";
			projectRoot = "";
			targets = (
				05BABD0414F41619001CF318 /* TugOWar */,
			);
		};
/* End PBXProject section */

/* Begin PBXResourcesBuildPhase section */
		05BABD0314F41619001CF318 /* Resources */ = {
			isa = PBXResourcesBuildPhase;
			buildActionMask = 2147483647;
			files = (
				05BABD1414F41619001CF318 /* InfoPlist.strings in Resources */,
				05BABD1D14F41619001CF318 /* MainStoryboard.storyboard in Resources */,
				05BABD4814F419FF001CF318 /* Icon_72.png in Resources */,
				05BABD4A14F41A0B001CF318 /* Default-Portrait~ipad.png in Resources */,
				05BABD4C14F41A15001CF318 /* Default-Landscape~ipad.png in Resources */,
				05BABD4F14F41C11001CF318 /* Knockout.ttf in Resources */,
			);
			runOnlyForDeploymentPostprocessing = 0;
		};
/* End PBXResourcesBuildPhase section */

/* Begin PBXSourcesBuildPhase section */
		05BABD0114F41619001CF318 /* Sources */ = {
			isa = PBXSourcesBuildPhase;
			buildActionMask = 2147483647;
			files = (
				05BABD1614F41619001CF318 /* main.m in Sources */,
				05BABD1A14F41619001CF318 /* AppDelegate.m in Sources */,
				05BABD2014F41619001CF318 /* ViewController.m in Sources */,
				05BABD3614F41737001CF318 /* UIImage+Alpha.m in Sources */,
				05BABD3714F41737001CF318 /* UIImage+Resize.m in Sources */,
				05BABD3814F41737001CF318 /* UIImage+RoundedCorner.m in Sources */,
			);
			runOnlyForDeploymentPostprocessing = 0;
		};
/* End PBXSourcesBuildPhase section */

/* Begin PBXVariantGroup section */
		05BABD1214F41619001CF318 /* InfoPlist.strings */ = {
			isa = PBXVariantGroup;
			children = (
				05BABD1314F41619001CF318 /* en */,
			);
			name = InfoPlist.strings;
			sourceTree = "<group>";
		};
		05BABD1B14F41619001CF318 /* MainStoryboard.storyboard */ = {
			isa = PBXVariantGroup;
			children = (
				05BABD1C14F41619001CF318 /* en */,
			);
			name = MainStoryboard.storyboard;
			sourceTree = "<group>";
		};
/* End PBXVariantGroup section */

/* Begin XCBuildConfiguration section */
		05BABD2114F41619001CF318 /* Debug */ = {
			isa = XCBuildConfiguration;
			buildSettings = {
				ALWAYS_SEARCH_USER_PATHS = NO;
				ARCHS = "$(ARCHS_STANDARD_32_BIT)";
				CLANG_ENABLE_OBJC_ARC = YES;
				"CODE_SIGN_IDENTITY[sdk=iphoneos*]" = "iPhone Developer";
				COPY_PHASE_STRIP = NO;
				GCC_C_LANGUAGE_STANDARD = gnu99;
				GCC_DYNAMIC_NO_PIC = NO;
				GCC_OPTIMIZATION_LEVEL = 0;
				GCC_PREPROCESSOR_DEFINITIONS = (
					"DEBUG=1",
					"$(inherited)",
				);
				GCC_SYMBOLS_PRIVATE_EXTERN = NO;
				GCC_VERSION = com.apple.compilers.llvm.clang.1_0;
				GCC_WARN_ABOUT_MISSING_PROTOTYPES = YES;
				GCC_WARN_ABOUT_RETURN_TYPE = YES;
				GCC_WARN_UNUSED_VARIABLE = YES;
				IPHONEOS_DEPLOYMENT_TARGET = 5.0;
				SDKROOT = iphoneos;
				TARGETED_DEVICE_FAMILY = 2;
			};
			name = Debug;
		};
		05BABD2214F41619001CF318 /* Release */ = {
			isa = XCBuildConfiguration;
			buildSettings = {
				ALWAYS_SEARCH_USER_PATHS = NO;
				ARCHS = "$(ARCHS_STANDARD_32_BIT)";
				CLANG_ENABLE_OBJC_ARC = YES;
				"CODE_SIGN_IDENTITY[sdk=iphoneos*]" = "iPhone Developer";
				COPY_PHASE_STRIP = YES;
				GCC_C_LANGUAGE_STANDARD = gnu99;
				GCC_VERSION = com.apple.compilers.llvm.clang.1_0;
				GCC_WARN_ABOUT_MISSING_PROTOTYPES = YES;
				GCC_WARN_ABOUT_RETURN_TYPE = YES;
				GCC_WARN_UNUSED_VARIABLE = YES;
				IPHONEOS_DEPLOYMENT_TARGET = 5.0;
				OTHER_CFLAGS = "-DNS_BLOCK_ASSERTIONS=1";
				SDKROOT = iphoneos;
				TARGETED_DEVICE_FAMILY = 2;
				VALIDATE_PRODUCT = YES;
			};
			name = Release;
		};
		05BABD2414F41619001CF318 /* Debug */ = {
			isa = XCBuildConfiguration;
			buildSettings = {
				GCC_PRECOMPILE_PREFIX_HEADER = YES;
				GCC_PREFIX_HEADER = "TugOWar/TugOWar-Prefix.pch";
				INFOPLIST_FILE = "TugOWar/TugOWar-Info.plist";
				PRODUCT_NAME = "$(TARGET_NAME)";
				WRAPPER_EXTENSION = app;
			};
			name = Debug;
		};
		05BABD2514F41619001CF318 /* Release */ = {
			isa = XCBuildConfiguration;
			buildSettings = {
				GCC_PRECOMPILE_PREFIX_HEADER = YES;
				GCC_PREFIX_HEADER = "TugOWar/TugOWar-Prefix.pch";
				INFOPLIST_FILE = "TugOWar/TugOWar-Info.plist";
				PRODUCT_NAME = "$(TARGET_NAME)";
				WRAPPER_EXTENSION = app;
			};
			name = Release;
		};
/* End XCBuildConfiguration section */

/* Begin XCConfigurationList section */
		05BABCFF14F41619001CF318 /* Build configuration list for PBXProject "TugOWar" */ = {
			isa = XCConfigurationList;
			buildConfigurations = (
				05BABD2114F41619001CF318 /* Debug */,
				05BABD2214F41619001CF318 /* Release */,
			);
			defaultConfigurationIsVisible = 0;
			defaultConfigurationName = Release;
		};
		05BABD2314F41619001CF318 /* Build configuration list for PBXNativeTarget "TugOWar" */ = {
			isa = XCConfigurationList;
			buildConfigurations = (
				05BABD2414F41619001CF318 /* Debug */,
				05BABD2514F41619001CF318 /* Release */,
			);
			defaultConfigurationIsVisible = 0;
		};
/* End XCConfigurationList section */
	};
	rootObject = 05BABCFC14F41619001CF318 /* Project object */;
}
